
Microsoft Visual Studio Solution File, Format Version 12.00
# Visual Studio 15
VisualStudioVersion = 15.0.28010.2016
MinimumVisualStudioVersion = 10.0.40219.1
Project("{FAE04EC0-301F-11D3-BF4B-00C04F79EFBC}") = "DuplicateRows", "DuplicateRows\DuplicateRows.csproj", "{2C7F6863-C268-4A17-909C-EFB24F694C51}"
EndProject
Global
	GlobalSection(SolutionConfigurationPlatforms) = preSolution
		Debug|Any CPU = Debug|Any CPU
		Release|Any CPU = Release|Any CPU
	EndGlobalSection
	GlobalSection(ProjectConfigurationPlatforms) = postSolution
		{2C7F6863-C268-4A17-909C-EFB24F694C51}.Debug|Any CPU.ActiveCfg = Debug|Any CPU
		{2C7F6863-C268-4A17-909C-EFB24F694C51}.Debug|Any CPU.Build.0 = Debug|Any CPU
		{2C7F6863-C268-4A17-909C-EFB24F694C51}.Release|Any CPU.ActiveCfg = Release|Any CPU
		{2C7F6863-C268-4A17-909C-EFB24F694C51}.Release|Any CPU.Build.0 = Release|Any CPU
	EndGlobalSection
	GlobalSection(SolutionProperties) = preSolution
		HideSolutionNode = FALSE
	EndGlobalSection
	GlobalSection(ExtensibilityGlobals) = postSolution
		SolutionGuid = {79381D21-3099-4DBC-8E25-3BBCB78B5040}
	EndGlobalSection
EndGlobal
